// !$*UTF8*$!
{
	archiveVersion = 1;
	classes = {
	};
	objectVersion = 52;
	objects = {

/* Begin PBXBuildFile section */
		A511220423CDB05E0063FB32 /* AppDelegate.swift in Sources */ = {isa = PBXBuildFile; fileRef = A511220323CDB05E0063FB32 /* AppDelegate.swift */; };
		A511220923CDB05E0063FB32 /* Athenaeum.xcdatamodeld in Sources */ = {isa = PBXBuildFile; fileRef = A511220723CDB05E0063FB32 /* Athenaeum.xcdatamodeld */; };
		A511220B23CDB0620063FB32 /* Assets.xcassets in Resources */ = {isa = PBXBuildFile; fileRef = A511220A23CDB0620063FB32 /* Assets.xcassets */; };
		A511220E23CDB0620063FB32 /* Preview Assets.xcassets in Resources */ = {isa = PBXBuildFile; fileRef = A511220D23CDB0620063FB32 /* Preview Assets.xcassets */; };
		A511221D23CDB0620063FB32 /* AthenaeumTests.swift in Sources */ = {isa = PBXBuildFile; fileRef = A511221C23CDB0620063FB32 /* AthenaeumTests.swift */; };
		A511222823CDB0620063FB32 /* AthenaeumUITests.swift in Sources */ = {isa = PBXBuildFile; fileRef = A511222723CDB0620063FB32 /* AthenaeumUITests.swift */; };
		A5193DBA23F80D5900EFF01D /* AudiobookCellView.swift in Sources */ = {isa = PBXBuildFile; fileRef = A5193DB923F80D5900EFF01D /* AudiobookCellView.swift */; };
		A5193DBC23F8106900EFF01D /* AudiobookListView.swift in Sources */ = {isa = PBXBuildFile; fileRef = A5193DBB23F8106900EFF01D /* AudiobookListView.swift */; };
		A5193DBE23F8234100EFF01D /* LibraryView.swift in Sources */ = {isa = PBXBuildFile; fileRef = A5193DBD23F8234100EFF01D /* LibraryView.swift */; };
		A5193DC023F992D600EFF01D /* Main.storyboard in Resources */ = {isa = PBXBuildFile; fileRef = A5193DBF23F992D600EFF01D /* Main.storyboard */; };
		A5193DC223F9952C00EFF01D /* Import.swift in Sources */ = {isa = PBXBuildFile; fileRef = A5193DC123F9952C00EFF01D /* Import.swift */; };
		A5193DC523F99D4A00EFF01D /* RealmSwift in Frameworks */ = {isa = PBXBuildFile; productRef = A5193DC423F99D4A00EFF01D /* RealmSwift */; };
		A5193DC823FA995E00EFF01D /* GoodReadsKit in Frameworks */ = {isa = PBXBuildFile; productRef = A5193DC723FA995E00EFF01D /* GoodReadsKit */; };
		A5193DCB23FAA16E00EFF01D /* SwiftyBeaver in Frameworks */ = {isa = PBXBuildFile; productRef = A5193DCA23FAA16E00EFF01D /* SwiftyBeaver */; };
		A52A222F23FAB46B00F34A17 /* FileManager+MoveCreatingIntermediaryDirectories.swift in Sources */ = {isa = PBXBuildFile; fileRef = A52A222E23FAB46B00F34A17 /* FileManager+MoveCreatingIntermediaryDirectories.swift */; };
		A52A223123FAB4A200F34A17 /* NSWindow+CreateStandardWindow.swift in Sources */ = {isa = PBXBuildFile; fileRef = A52A223023FAB4A200F34A17 /* NSWindow+CreateStandardWindow.swift */; };
		A52A223423FAB6DE00F34A17 /* Audiobook+Construction.swift in Sources */ = {isa = PBXBuildFile; fileRef = A52A223323FAB6DE00F34A17 /* Audiobook+Construction.swift */; };
		A52A223623FAB7D200F34A17 /* Audiobook+GetFromFile.swift in Sources */ = {isa = PBXBuildFile; fileRef = A52A223523FAB7D200F34A17 /* Audiobook+GetFromFile.swift */; };
		A52A223823FABA4200F34A17 /* Series.swift in Sources */ = {isa = PBXBuildFile; fileRef = A52A223723FABA4200F34A17 /* Series.swift */; };
		A52A223C23FAF49600F34A17 /* PersistableAudiobook.swift in Sources */ = {isa = PBXBuildFile; fileRef = A52A223B23FAF49600F34A17 /* PersistableAudiobook.swift */; };
		A52A224023FAF84F00F34A17 /* Repository.swift in Sources */ = {isa = PBXBuildFile; fileRef = A52A223F23FAF84F00F34A17 /* Repository.swift */; };
		A52A224223FAF89A00F34A17 /* Audiobook+Storable.swift in Sources */ = {isa = PBXBuildFile; fileRef = A52A224123FAF89A00F34A17 /* Audiobook+Storable.swift */; };
		A52A224423FBDE8A00F34A17 /* Audiobook+Equitable.swift in Sources */ = {isa = PBXBuildFile; fileRef = A52A224323FBDE8A00F34A17 /* Audiobook+Equitable.swift */; };
		A52A224623FBDED600F34A17 /* String+Utils.swift in Sources */ = {isa = PBXBuildFile; fileRef = A52A224523FBDED600F34A17 /* String+Utils.swift */; };
		A52A224823FBE14500F34A17 /* RealmRepositoryTests.swift in Sources */ = {isa = PBXBuildFile; fileRef = A52A224723FBE14500F34A17 /* RealmRepositoryTests.swift */; };
		A52A224A23FBE2A200F34A17 /* RealmRepository.swift in Sources */ = {isa = PBXBuildFile; fileRef = A52A224923FBE2A200F34A17 /* RealmRepository.swift */; };
		A52A224E23FBFCAF00F34A17 /* SummaryView.swift in Sources */ = {isa = PBXBuildFile; fileRef = A52A224D23FBFCAF00F34A17 /* SummaryView.swift */; };
		A5429DB723EDB1B600B1DF81 /* PreferencesView.swift in Sources */ = {isa = PBXBuildFile; fileRef = A5429DB623EDB1B600B1DF81 /* PreferencesView.swift */; };
		A5429E3523EDBAB100B1DF81 /* Library.swift in Sources */ = {isa = PBXBuildFile; fileRef = A5429E3423EDBAB100B1DF81 /* Library.swift */; };
		A5429E3823EDC37000B1DF81 /* URL+Utils.swift in Sources */ = {isa = PBXBuildFile; fileRef = A5429E3723EDC37000B1DF81 /* URL+Utils.swift */; };
		A5429E3B23EDC50900B1DF81 /* Preferences in Frameworks */ = {isa = PBXBuildFile; productRef = A5429E3A23EDC50900B1DF81 /* Preferences */; };
		A54A03A723F6EDE000C8305A /* Audiobook.swift in Sources */ = {isa = PBXBuildFile; fileRef = A54A03A623F6EDE000C8305A /* Audiobook.swift */; };
		A54A03AA23F6EE2B00C8305A /* AudiobookView.swift in Sources */ = {isa = PBXBuildFile; fileRef = A54A03A923F6EE2B00C8305A /* AudiobookView.swift */; };
		A5BDF5DE23FD503F00DB6170 /* UserDefault.swift in Sources */ = {isa = PBXBuildFile; fileRef = A5BDF5DD23FD503F00DB6170 /* UserDefault.swift */; };
		A5BDF5E023FD50CE00DB6170 /* PreferencesStore.swift in Sources */ = {isa = PBXBuildFile; fileRef = A5BDF5DF23FD50CE00DB6170 /* PreferencesStore.swift */; };
		A5BDF5E323FD602700DB6170 /* Resolver in Frameworks */ = {isa = PBXBuildFile; productRef = A5BDF5E223FD602700DB6170 /* Resolver */; };
/* End PBXBuildFile section */

/* Begin PBXContainerItemProxy section */
		A511221923CDB0620063FB32 /* PBXContainerItemProxy */ = {
			isa = PBXContainerItemProxy;
			containerPortal = A51121F823CDB05E0063FB32 /* Project object */;
			proxyType = 1;
			remoteGlobalIDString = A51121FF23CDB05E0063FB32;
			remoteInfo = Athenaeum;
		};
		A511222423CDB0620063FB32 /* PBXContainerItemProxy */ = {
			isa = PBXContainerItemProxy;
			containerPortal = A51121F823CDB05E0063FB32 /* Project object */;
			proxyType = 1;
			remoteGlobalIDString = A51121FF23CDB05E0063FB32;
			remoteInfo = Athenaeum;
		};
/* End PBXContainerItemProxy section */

/* Begin PBXFileReference section */
		A511220023CDB05E0063FB32 /* Athenaeum.app */ = {isa = PBXFileReference; explicitFileType = wrapper.application; includeInIndex = 0; path = Athenaeum.app; sourceTree = BUILT_PRODUCTS_DIR; };
		A511220323CDB05E0063FB32 /* AppDelegate.swift */ = {isa = PBXFileReference; lastKnownFileType = sourcecode.swift; path = AppDelegate.swift; sourceTree = "<group>"; };
		A511220823CDB05E0063FB32 /* Athenaeum.xcdatamodel */ = {isa = PBXFileReference; lastKnownFileType = wrapper.xcdatamodel; path = Athenaeum.xcdatamodel; sourceTree = "<group>"; };
		A511220A23CDB0620063FB32 /* Assets.xcassets */ = {isa = PBXFileReference; lastKnownFileType = folder.assetcatalog; path = Assets.xcassets; sourceTree = "<group>"; };
		A511220D23CDB0620063FB32 /* Preview Assets.xcassets */ = {isa = PBXFileReference; lastKnownFileType = folder.assetcatalog; path = "Preview Assets.xcassets"; sourceTree = "<group>"; };
		A511221223CDB0620063FB32 /* Info.plist */ = {isa = PBXFileReference; lastKnownFileType = text.plist.xml; path = Info.plist; sourceTree = "<group>"; };
		A511221323CDB0620063FB32 /* Athenaeum.entitlements */ = {isa = PBXFileReference; lastKnownFileType = text.plist.entitlements; path = Athenaeum.entitlements; sourceTree = "<group>"; };
		A511221823CDB0620063FB32 /* AthenaeumTests.xctest */ = {isa = PBXFileReference; explicitFileType = wrapper.cfbundle; includeInIndex = 0; path = AthenaeumTests.xctest; sourceTree = BUILT_PRODUCTS_DIR; };
		A511221C23CDB0620063FB32 /* AthenaeumTests.swift */ = {isa = PBXFileReference; lastKnownFileType = sourcecode.swift; path = AthenaeumTests.swift; sourceTree = "<group>"; };
		A511221E23CDB0620063FB32 /* Info.plist */ = {isa = PBXFileReference; lastKnownFileType = text.plist.xml; path = Info.plist; sourceTree = "<group>"; };
		A511222323CDB0620063FB32 /* AthenaeumUITests.xctest */ = {isa = PBXFileReference; explicitFileType = wrapper.cfbundle; includeInIndex = 0; path = AthenaeumUITests.xctest; sourceTree = BUILT_PRODUCTS_DIR; };
		A511222723CDB0620063FB32 /* AthenaeumUITests.swift */ = {isa = PBXFileReference; lastKnownFileType = sourcecode.swift; path = AthenaeumUITests.swift; sourceTree = "<group>"; };
		A511222923CDB0620063FB32 /* Info.plist */ = {isa = PBXFileReference; lastKnownFileType = text.plist.xml; path = Info.plist; sourceTree = "<group>"; };
		A5193DB923F80D5900EFF01D /* AudiobookCellView.swift */ = {isa = PBXFileReference; lastKnownFileType = sourcecode.swift; path = AudiobookCellView.swift; sourceTree = "<group>"; };
		A5193DBB23F8106900EFF01D /* AudiobookListView.swift */ = {isa = PBXFileReference; lastKnownFileType = sourcecode.swift; path = AudiobookListView.swift; sourceTree = "<group>"; };
		A5193DBD23F8234100EFF01D /* LibraryView.swift */ = {isa = PBXFileReference; lastKnownFileType = sourcecode.swift; path = LibraryView.swift; sourceTree = "<group>"; };
		A5193DBF23F992D600EFF01D /* Main.storyboard */ = {isa = PBXFileReference; fileEncoding = 4; lastKnownFileType = file.storyboard; path = Main.storyboard; sourceTree = "<group>"; };
		A5193DC123F9952C00EFF01D /* Import.swift */ = {isa = PBXFileReference; lastKnownFileType = sourcecode.swift; path = Import.swift; sourceTree = "<group>"; };
		A52A222E23FAB46B00F34A17 /* FileManager+MoveCreatingIntermediaryDirectories.swift */ = {isa = PBXFileReference; lastKnownFileType = sourcecode.swift; path = "FileManager+MoveCreatingIntermediaryDirectories.swift"; sourceTree = "<group>"; };
		A52A223023FAB4A200F34A17 /* NSWindow+CreateStandardWindow.swift */ = {isa = PBXFileReference; lastKnownFileType = sourcecode.swift; path = "NSWindow+CreateStandardWindow.swift"; sourceTree = "<group>"; };
		A52A223323FAB6DE00F34A17 /* Audiobook+Construction.swift */ = {isa = PBXFileReference; lastKnownFileType = sourcecode.swift; path = "Audiobook+Construction.swift"; sourceTree = "<group>"; };
		A52A223523FAB7D200F34A17 /* Audiobook+GetFromFile.swift */ = {isa = PBXFileReference; lastKnownFileType = sourcecode.swift; path = "Audiobook+GetFromFile.swift"; sourceTree = "<group>"; };
		A52A223723FABA4200F34A17 /* Series.swift */ = {isa = PBXFileReference; lastKnownFileType = sourcecode.swift; path = Series.swift; sourceTree = "<group>"; };
		A52A223B23FAF49600F34A17 /* PersistableAudiobook.swift */ = {isa = PBXFileReference; lastKnownFileType = sourcecode.swift; path = PersistableAudiobook.swift; sourceTree = "<group>"; };
		A52A223F23FAF84F00F34A17 /* Repository.swift */ = {isa = PBXFileReference; lastKnownFileType = sourcecode.swift; path = Repository.swift; sourceTree = "<group>"; };
		A52A224123FAF89A00F34A17 /* Audiobook+Storable.swift */ = {isa = PBXFileReference; lastKnownFileType = sourcecode.swift; path = "Audiobook+Storable.swift"; sourceTree = "<group>"; };
		A52A224323FBDE8A00F34A17 /* Audiobook+Equitable.swift */ = {isa = PBXFileReference; lastKnownFileType = sourcecode.swift; path = "Audiobook+Equitable.swift"; sourceTree = "<group>"; };
		A52A224523FBDED600F34A17 /* String+Utils.swift */ = {isa = PBXFileReference; lastKnownFileType = sourcecode.swift; path = "String+Utils.swift"; sourceTree = "<group>"; };
		A52A224723FBE14500F34A17 /* RealmRepositoryTests.swift */ = {isa = PBXFileReference; lastKnownFileType = sourcecode.swift; path = RealmRepositoryTests.swift; sourceTree = "<group>"; };
		A52A224923FBE2A200F34A17 /* RealmRepository.swift */ = {isa = PBXFileReference; lastKnownFileType = sourcecode.swift; name = RealmRepository.swift; path = /Users/ckerson/Documents/personal/repos/Athenaeum/Athenaeum/Library/Persistence/Realm/RealmRepository.swift; sourceTree = "<absolute>"; };
		A52A224D23FBFCAF00F34A17 /* SummaryView.swift */ = {isa = PBXFileReference; lastKnownFileType = sourcecode.swift; path = SummaryView.swift; sourceTree = "<group>"; };
		A5429DB623EDB1B600B1DF81 /* PreferencesView.swift */ = {isa = PBXFileReference; lastKnownFileType = sourcecode.swift; path = PreferencesView.swift; sourceTree = "<group>"; };
		A5429E3423EDBAB100B1DF81 /* Library.swift */ = {isa = PBXFileReference; lastKnownFileType = sourcecode.swift; path = Library.swift; sourceTree = "<group>"; };
		A5429E3723EDC37000B1DF81 /* URL+Utils.swift */ = {isa = PBXFileReference; lastKnownFileType = sourcecode.swift; path = "URL+Utils.swift"; sourceTree = "<group>"; };
		A54A03A623F6EDE000C8305A /* Audiobook.swift */ = {isa = PBXFileReference; lastKnownFileType = sourcecode.swift; path = Audiobook.swift; sourceTree = "<group>"; };
		A54A03A923F6EE2B00C8305A /* AudiobookView.swift */ = {isa = PBXFileReference; lastKnownFileType = sourcecode.swift; path = AudiobookView.swift; sourceTree = "<group>"; };
		A5BDF5DD23FD503F00DB6170 /* UserDefault.swift */ = {isa = PBXFileReference; lastKnownFileType = sourcecode.swift; path = UserDefault.swift; sourceTree = "<group>"; };
		A5BDF5DF23FD50CE00DB6170 /* PreferencesStore.swift */ = {isa = PBXFileReference; lastKnownFileType = sourcecode.swift; path = PreferencesStore.swift; sourceTree = "<group>"; };
/* End PBXFileReference section */

/* Begin PBXFrameworksBuildPhase section */
		A51121FD23CDB05E0063FB32 /* Frameworks */ = {
			isa = PBXFrameworksBuildPhase;
			buildActionMask = 2147483647;
			files = (
				A5193DC823FA995E00EFF01D /* GoodReadsKit in Frameworks */,
				A5193DC523F99D4A00EFF01D /* RealmSwift in Frameworks */,
				A5429E3B23EDC50900B1DF81 /* Preferences in Frameworks */,
				A5BDF5E323FD602700DB6170 /* Resolver in Frameworks */,
				A5193DCB23FAA16E00EFF01D /* SwiftyBeaver in Frameworks */,
			);
			runOnlyForDeploymentPostprocessing = 0;
		};
		A511221523CDB0620063FB32 /* Frameworks */ = {
			isa = PBXFrameworksBuildPhase;
			buildActionMask = 2147483647;
			files = (
			);
			runOnlyForDeploymentPostprocessing = 0;
		};
		A511222023CDB0620063FB32 /* Frameworks */ = {
			isa = PBXFrameworksBuildPhase;
			buildActionMask = 2147483647;
			files = (
			);
			runOnlyForDeploymentPostprocessing = 0;
		};
/* End PBXFrameworksBuildPhase section */

/* Begin PBXGroup section */
		A51121F723CDB05E0063FB32 = {
			isa = PBXGroup;
			children = (
				A511220223CDB05E0063FB32 /* Athenaeum */,
				A511221B23CDB0620063FB32 /* AthenaeumTests */,
				A511222623CDB0620063FB32 /* AthenaeumUITests */,
				A511220123CDB05E0063FB32 /* Products */,
			);
			sourceTree = "<group>";
		};
		A511220123CDB05E0063FB32 /* Products */ = {
			isa = PBXGroup;
			children = (
				A511220023CDB05E0063FB32 /* Athenaeum.app */,
				A511221823CDB0620063FB32 /* AthenaeumTests.xctest */,
				A511222323CDB0620063FB32 /* AthenaeumUITests.xctest */,
			);
			name = Products;
			sourceTree = "<group>";
		};
		A511220223CDB05E0063FB32 /* Athenaeum */ = {
			isa = PBXGroup;
			children = (
				A5BDF5E423FD60E600DB6170 /* System */,
				A5429E3623EDC28D00B1DF81 /* Extensions */,
				A5429E3323EDBA9F00B1DF81 /* Library */,
				A5DC1E0823FD38F0009D061F /* Model */,
				A5429DB523EDB19900B1DF81 /* Preferences */,
				A511220C23CDB0620063FB32 /* Preview Content */,
				A54A03A823F6EE0400C8305A /* Views */,
			);
			path = Athenaeum;
			sourceTree = "<group>";
		};
		A511220C23CDB0620063FB32 /* Preview Content */ = {
			isa = PBXGroup;
			children = (
				A511220D23CDB0620063FB32 /* Preview Assets.xcassets */,
			);
			path = "Preview Content";
			sourceTree = "<group>";
		};
		A511221B23CDB0620063FB32 /* AthenaeumTests */ = {
			isa = PBXGroup;
			children = (
				A511221C23CDB0620063FB32 /* AthenaeumTests.swift */,
				A511221E23CDB0620063FB32 /* Info.plist */,
				A52A224723FBE14500F34A17 /* RealmRepositoryTests.swift */,
			);
			path = AthenaeumTests;
			sourceTree = "<group>";
		};
		A511222623CDB0620063FB32 /* AthenaeumUITests */ = {
			isa = PBXGroup;
			children = (
				A511222723CDB0620063FB32 /* AthenaeumUITests.swift */,
				A511222923CDB0620063FB32 /* Info.plist */,
			);
			path = AthenaeumUITests;
			sourceTree = "<group>";
		};
		A52A223223FAB4EC00F34A17 /* Persistence */ = {
			isa = PBXGroup;
			children = (
				A5DC1E0723FD2D4F009D061F /* Realm */,
				A52A224123FAF89A00F34A17 /* Audiobook+Storable.swift */,
				A52A223B23FAF49600F34A17 /* PersistableAudiobook.swift */,
				A52A223F23FAF84F00F34A17 /* Repository.swift */,
			);
			path = Persistence;
			sourceTree = "<group>";
		};
		A5429DB523EDB19900B1DF81 /* Preferences */ = {
			isa = PBXGroup;
			children = (
				A5429DB623EDB1B600B1DF81 /* PreferencesView.swift */,
				A5BDF5DD23FD503F00DB6170 /* UserDefault.swift */,
				A5BDF5DF23FD50CE00DB6170 /* PreferencesStore.swift */,
			);
			path = Preferences;
			sourceTree = "<group>";
		};
		A5429E3323EDBA9F00B1DF81 /* Library */ = {
			isa = PBXGroup;
			children = (
				A54A03A623F6EDE000C8305A /* Audiobook.swift */,
				A52A223323FAB6DE00F34A17 /* Audiobook+Construction.swift */,
				A52A224323FBDE8A00F34A17 /* Audiobook+Equitable.swift */,
				A52A223523FAB7D200F34A17 /* Audiobook+GetFromFile.swift */,
				A5193DC123F9952C00EFF01D /* Import.swift */,
				A5429E3423EDBAB100B1DF81 /* Library.swift */,
				A52A223223FAB4EC00F34A17 /* Persistence */,
				A52A223723FABA4200F34A17 /* Series.swift */,
			);
			path = Library;
			sourceTree = "<group>";
		};
		A5429E3623EDC28D00B1DF81 /* Extensions */ = {
			isa = PBXGroup;
			children = (
				A52A222E23FAB46B00F34A17 /* FileManager+MoveCreatingIntermediaryDirectories.swift */,
				A52A223023FAB4A200F34A17 /* NSWindow+CreateStandardWindow.swift */,
				A52A224523FBDED600F34A17 /* String+Utils.swift */,
				A5429E3723EDC37000B1DF81 /* URL+Utils.swift */,
			);
			path = Extensions;
			sourceTree = "<group>";
		};
		A54A03A823F6EE0400C8305A /* Views */ = {
			isa = PBXGroup;
			children = (
				A5193DB923F80D5900EFF01D /* AudiobookCellView.swift */,
				A5193DBB23F8106900EFF01D /* AudiobookListView.swift */,
				A54A03A923F6EE2B00C8305A /* AudiobookView.swift */,
				A5193DBD23F8234100EFF01D /* LibraryView.swift */,
				A52A224D23FBFCAF00F34A17 /* SummaryView.swift */,
			);
			path = Views;
			sourceTree = "<group>";
		};
		A5BDF5E423FD60E600DB6170 /* System */ = {
			isa = PBXGroup;
			children = (
				A511220323CDB05E0063FB32 /* AppDelegate.swift */,
				A511220A23CDB0620063FB32 /* Assets.xcassets */,
				A511221323CDB0620063FB32 /* Athenaeum.entitlements */,
				A511220723CDB05E0063FB32 /* Athenaeum.xcdatamodeld */,
				A511221223CDB0620063FB32 /* Info.plist */,
				A5193DBF23F992D600EFF01D /* Main.storyboard */,
			);
			path = System;
			sourceTree = "<group>";
		};
		A5DC1E0723FD2D4F009D061F /* Realm */ = {
			isa = PBXGroup;
			children = (
				A52A224923FBE2A200F34A17 /* RealmRepository.swift */,
			);
			path = Realm;
			sourceTree = "<group>";
		};
		A5DC1E0823FD38F0009D061F /* Model */ = {
			isa = PBXGroup;
			children = (
			);
			path = Model;
			sourceTree = "<group>";
		};
/* End PBXGroup section */

/* Begin PBXNativeTarget section */
		A51121FF23CDB05E0063FB32 /* Athenaeum */ = {
			isa = PBXNativeTarget;
			buildConfigurationList = A511222C23CDB0620063FB32 /* Build configuration list for PBXNativeTarget "Athenaeum" */;
			buildPhases = (
				A51121FC23CDB05E0063FB32 /* Sources */,
				A51121FD23CDB05E0063FB32 /* Frameworks */,
				A51121FE23CDB05E0063FB32 /* Resources */,
			);
			buildRules = (
			);
			dependencies = (
			);
			name = Athenaeum;
			packageProductDependencies = (
				A5429E3A23EDC50900B1DF81 /* Preferences */,
				A5193DC423F99D4A00EFF01D /* RealmSwift */,
				A5193DC723FA995E00EFF01D /* GoodReadsKit */,
				A5193DCA23FAA16E00EFF01D /* SwiftyBeaver */,
				A5BDF5E223FD602700DB6170 /* Resolver */,
			);
			productName = Athenaeum;
			productReference = A511220023CDB05E0063FB32 /* Athenaeum.app */;
			productType = "com.apple.product-type.application";
		};
		A511221723CDB0620063FB32 /* AthenaeumTests */ = {
			isa = PBXNativeTarget;
			buildConfigurationList = A511222F23CDB0620063FB32 /* Build configuration list for PBXNativeTarget "AthenaeumTests" */;
			buildPhases = (
				A511221423CDB0620063FB32 /* Sources */,
				A511221523CDB0620063FB32 /* Frameworks */,
				A511221623CDB0620063FB32 /* Resources */,
			);
			buildRules = (
			);
			dependencies = (
				A511221A23CDB0620063FB32 /* PBXTargetDependency */,
			);
			name = AthenaeumTests;
			productName = AthenaeumTests;
			productReference = A511221823CDB0620063FB32 /* AthenaeumTests.xctest */;
			productType = "com.apple.product-type.bundle.unit-test";
		};
		A511222223CDB0620063FB32 /* AthenaeumUITests */ = {
			isa = PBXNativeTarget;
			buildConfigurationList = A511223223CDB0620063FB32 /* Build configuration list for PBXNativeTarget "AthenaeumUITests" */;
			buildPhases = (
				A511221F23CDB0620063FB32 /* Sources */,
				A511222023CDB0620063FB32 /* Frameworks */,
				A511222123CDB0620063FB32 /* Resources */,
			);
			buildRules = (
			);
			dependencies = (
				A511222523CDB0620063FB32 /* PBXTargetDependency */,
			);
			name = AthenaeumUITests;
			productName = AthenaeumUITests;
			productReference = A511222323CDB0620063FB32 /* AthenaeumUITests.xctest */;
			productType = "com.apple.product-type.bundle.ui-testing";
		};
/* End PBXNativeTarget section */

/* Begin PBXProject section */
		A51121F823CDB05E0063FB32 /* Project object */ = {
			isa = PBXProject;
			attributes = {
				LastSwiftUpdateCheck = 1130;
				LastUpgradeCheck = 1130;
				ORGANIZATIONNAME = "Callum Kerson";
				TargetAttributes = {
					A51121FF23CDB05E0063FB32 = {
						CreatedOnToolsVersion = 11.3;
					};
					A511221723CDB0620063FB32 = {
						CreatedOnToolsVersion = 11.3;
						TestTargetID = A51121FF23CDB05E0063FB32;
					};
					A511222223CDB0620063FB32 = {
						CreatedOnToolsVersion = 11.3;
						TestTargetID = A51121FF23CDB05E0063FB32;
					};
				};
			};
			buildConfigurationList = A51121FB23CDB05E0063FB32 /* Build configuration list for PBXProject "Athenaeum" */;
			compatibilityVersion = "Xcode 9.3";
			developmentRegion = en;
			hasScannedForEncodings = 0;
			knownRegions = (
				en,
				Base,
			);
			mainGroup = A51121F723CDB05E0063FB32;
			packageReferences = (
				A5429E3923EDC50900B1DF81 /* XCRemoteSwiftPackageReference "Preferences" */,
				A5193DC323F99D4A00EFF01D /* XCRemoteSwiftPackageReference "realm-cocoa" */,
				A5193DC623FA995E00EFF01D /* XCRemoteSwiftPackageReference "GoodReadsKit" */,
				A5193DC923FAA16E00EFF01D /* XCRemoteSwiftPackageReference "SwiftyBeaver" */,
				A5BDF5E123FD602700DB6170 /* XCRemoteSwiftPackageReference "Resolver" */,
			);
			productRefGroup = A511220123CDB05E0063FB32 /* Products */;
			projectDirPath = "";
			projectRoot = "";
			targets = (
				A51121FF23CDB05E0063FB32 /* Athenaeum */,
				A511221723CDB0620063FB32 /* AthenaeumTests */,
				A511222223CDB0620063FB32 /* AthenaeumUITests */,
			);
		};
/* End PBXProject section */

/* Begin PBXResourcesBuildPhase section */
		A51121FE23CDB05E0063FB32 /* Resources */ = {
			isa = PBXResourcesBuildPhase;
			buildActionMask = 2147483647;
			files = (
				A5193DC023F992D600EFF01D /* Main.storyboard in Resources */,
				A511220E23CDB0620063FB32 /* Preview Assets.xcassets in Resources */,
				A511220B23CDB0620063FB32 /* Assets.xcassets in Resources */,
			);
			runOnlyForDeploymentPostprocessing = 0;
		};
		A511221623CDB0620063FB32 /* Resources */ = {
			isa = PBXResourcesBuildPhase;
			buildActionMask = 2147483647;
			files = (
			);
			runOnlyForDeploymentPostprocessing = 0;
		};
		A511222123CDB0620063FB32 /* Resources */ = {
			isa = PBXResourcesBuildPhase;
			buildActionMask = 2147483647;
			files = (
			);
			runOnlyForDeploymentPostprocessing = 0;
		};
/* End PBXResourcesBuildPhase section */

/* Begin PBXSourcesBuildPhase section */
		A51121FC23CDB05E0063FB32 /* Sources */ = {
			isa = PBXSourcesBuildPhase;
			buildActionMask = 2147483647;
			files = (
				A52A224423FBDE8A00F34A17 /* Audiobook+Equitable.swift in Sources */,
				A52A224623FBDED600F34A17 /* String+Utils.swift in Sources */,
				A5BDF5DE23FD503F00DB6170 /* UserDefault.swift in Sources */,
				A5193DBA23F80D5900EFF01D /* AudiobookCellView.swift in Sources */,
				A5193DC223F9952C00EFF01D /* Import.swift in Sources */,
				A5BDF5E023FD50CE00DB6170 /* PreferencesStore.swift in Sources */,
				A52A224223FAF89A00F34A17 /* Audiobook+Storable.swift in Sources */,
				A5429DB723EDB1B600B1DF81 /* PreferencesView.swift in Sources */,
				A52A224A23FBE2A200F34A17 /* RealmRepository.swift in Sources */,
				A52A222F23FAB46B00F34A17 /* FileManager+MoveCreatingIntermediaryDirectories.swift in Sources */,
				A52A223C23FAF49600F34A17 /* PersistableAudiobook.swift in Sources */,
				A52A223823FABA4200F34A17 /* Series.swift in Sources */,
				A52A224023FAF84F00F34A17 /* Repository.swift in Sources */,
				A52A223123FAB4A200F34A17 /* NSWindow+CreateStandardWindow.swift in Sources */,
				A5193DBE23F8234100EFF01D /* LibraryView.swift in Sources */,
				A54A03AA23F6EE2B00C8305A /* AudiobookView.swift in Sources */,
				A511220423CDB05E0063FB32 /* AppDelegate.swift in Sources */,
				A52A223423FAB6DE00F34A17 /* Audiobook+Construction.swift in Sources */,
				A5193DBC23F8106900EFF01D /* AudiobookListView.swift in Sources */,
				A511220923CDB05E0063FB32 /* Athenaeum.xcdatamodeld in Sources */,
				A5429E3523EDBAB100B1DF81 /* Library.swift in Sources */,
				A5429E3823EDC37000B1DF81 /* URL+Utils.swift in Sources */,
				A52A224E23FBFCAF00F34A17 /* SummaryView.swift in Sources */,
				A52A223623FAB7D200F34A17 /* Audiobook+GetFromFile.swift in Sources */,
				A54A03A723F6EDE000C8305A /* Audiobook.swift in Sources */,
			);
			runOnlyForDeploymentPostprocessing = 0;
		};
		A511221423CDB0620063FB32 /* Sources */ = {
			isa = PBXSourcesBuildPhase;
			buildActionMask = 2147483647;
			files = (
				A511221D23CDB0620063FB32 /* AthenaeumTests.swift in Sources */,
				A52A224823FBE14500F34A17 /* RealmRepositoryTests.swift in Sources */,
			);
			runOnlyForDeploymentPostprocessing = 0;
		};
		A511221F23CDB0620063FB32 /* Sources */ = {
			isa = PBXSourcesBuildPhase;
			buildActionMask = 2147483647;
			files = (
				A511222823CDB0620063FB32 /* AthenaeumUITests.swift in Sources */,
			);
			runOnlyForDeploymentPostprocessing = 0;
		};
/* End PBXSourcesBuildPhase section */

/* Begin PBXTargetDependency section */
		A511221A23CDB0620063FB32 /* PBXTargetDependency */ = {
			isa = PBXTargetDependency;
			target = A51121FF23CDB05E0063FB32 /* Athenaeum */;
			targetProxy = A511221923CDB0620063FB32 /* PBXContainerItemProxy */;
		};
		A511222523CDB0620063FB32 /* PBXTargetDependency */ = {
			isa = PBXTargetDependency;
			target = A51121FF23CDB05E0063FB32 /* Athenaeum */;
			targetProxy = A511222423CDB0620063FB32 /* PBXContainerItemProxy */;
		};
/* End PBXTargetDependency section */

/* Begin XCBuildConfiguration section */
		A511222A23CDB0620063FB32 /* Debug */ = {
			isa = XCBuildConfiguration;
			buildSettings = {
				ALWAYS_SEARCH_USER_PATHS = NO;
				CLANG_ANALYZER_NONNULL = YES;
				CLANG_ANALYZER_NUMBER_OBJECT_CONVERSION = YES_AGGRESSIVE;
				CLANG_CXX_LANGUAGE_STANDARD = "gnu++14";
				CLANG_CXX_LIBRARY = "libc++";
				CLANG_ENABLE_MODULES = YES;
				CLANG_ENABLE_OBJC_ARC = YES;
				CLANG_ENABLE_OBJC_WEAK = YES;
				CLANG_WARN_BLOCK_CAPTURE_AUTORELEASING = YES;
				CLANG_WARN_BOOL_CONVERSION = YES;
				CLANG_WARN_COMMA = YES;
				CLANG_WARN_CONSTANT_CONVERSION = YES;
				CLANG_WARN_DEPRECATED_OBJC_IMPLEMENTATIONS = YES;
				CLANG_WARN_DIRECT_OBJC_ISA_USAGE = YES_ERROR;
				CLANG_WARN_DOCUMENTATION_COMMENTS = YES;
				CLANG_WARN_EMPTY_BODY = YES;
				CLANG_WARN_ENUM_CONVERSION = YES;
				CLANG_WARN_INFINITE_RECURSION = YES;
				CLANG_WARN_INT_CONVERSION = YES;
				CLANG_WARN_NON_LITERAL_NULL_CONVERSION = YES;
				CLANG_WARN_OBJC_IMPLICIT_RETAIN_SELF = YES;
				CLANG_WARN_OBJC_LITERAL_CONVERSION = YES;
				CLANG_WARN_OBJC_ROOT_CLASS = YES_ERROR;
				CLANG_WARN_RANGE_LOOP_ANALYSIS = YES;
				CLANG_WARN_STRICT_PROTOTYPES = YES;
				CLANG_WARN_SUSPICIOUS_MOVE = YES;
				CLANG_WARN_UNGUARDED_AVAILABILITY = YES_AGGRESSIVE;
				CLANG_WARN_UNREACHABLE_CODE = YES;
				CLANG_WARN__DUPLICATE_METHOD_MATCH = YES;
				COPY_PHASE_STRIP = NO;
				DEBUG_INFORMATION_FORMAT = dwarf;
				ENABLE_STRICT_OBJC_MSGSEND = YES;
				ENABLE_TESTABILITY = YES;
				GCC_C_LANGUAGE_STANDARD = gnu11;
				GCC_DYNAMIC_NO_PIC = NO;
				GCC_NO_COMMON_BLOCKS = YES;
				GCC_OPTIMIZATION_LEVEL = 0;
				GCC_PREPROCESSOR_DEFINITIONS = (
					"DEBUG=1",
					"$(inherited)",
				);
				GCC_WARN_64_TO_32_BIT_CONVERSION = YES;
				GCC_WARN_ABOUT_RETURN_TYPE = YES_ERROR;
				GCC_WARN_UNDECLARED_SELECTOR = YES;
				GCC_WARN_UNINITIALIZED_AUTOS = YES_AGGRESSIVE;
				GCC_WARN_UNUSED_FUNCTION = YES;
				GCC_WARN_UNUSED_VARIABLE = YES;
				MACOSX_DEPLOYMENT_TARGET = 10.15;
				MTL_ENABLE_DEBUG_INFO = INCLUDE_SOURCE;
				MTL_FAST_MATH = YES;
				ONLY_ACTIVE_ARCH = YES;
				SDKROOT = macosx;
				SWIFT_ACTIVE_COMPILATION_CONDITIONS = DEBUG;
				SWIFT_OPTIMIZATION_LEVEL = "-Onone";
			};
			name = Debug;
		};
		A511222B23CDB0620063FB32 /* Release */ = {
			isa = XCBuildConfiguration;
			buildSettings = {
				ALWAYS_SEARCH_USER_PATHS = NO;
				CLANG_ANALYZER_NONNULL = YES;
				CLANG_ANALYZER_NUMBER_OBJECT_CONVERSION = YES_AGGRESSIVE;
				CLANG_CXX_LANGUAGE_STANDARD = "gnu++14";
				CLANG_CXX_LIBRARY = "libc++";
				CLANG_ENABLE_MODULES = YES;
				CLANG_ENABLE_OBJC_ARC = YES;
				CLANG_ENABLE_OBJC_WEAK = YES;
				CLANG_WARN_BLOCK_CAPTURE_AUTORELEASING = YES;
				CLANG_WARN_BOOL_CONVERSION = YES;
				CLANG_WARN_COMMA = YES;
				CLANG_WARN_CONSTANT_CONVERSION = YES;
				CLANG_WARN_DEPRECATED_OBJC_IMPLEMENTATIONS = YES;
				CLANG_WARN_DIRECT_OBJC_ISA_USAGE = YES_ERROR;
				CLANG_WARN_DOCUMENTATION_COMMENTS = YES;
				CLANG_WARN_EMPTY_BODY = YES;
				CLANG_WARN_ENUM_CONVERSION = YES;
				CLANG_WARN_INFINITE_RECURSION = YES;
				CLANG_WARN_INT_CONVERSION = YES;
				CLANG_WARN_NON_LITERAL_NULL_CONVERSION = YES;
				CLANG_WARN_OBJC_IMPLICIT_RETAIN_SELF = YES;
				CLANG_WARN_OBJC_LITERAL_CONVERSION = YES;
				CLANG_WARN_OBJC_ROOT_CLASS = YES_ERROR;
				CLANG_WARN_RANGE_LOOP_ANALYSIS = YES;
				CLANG_WARN_STRICT_PROTOTYPES = YES;
				CLANG_WARN_SUSPICIOUS_MOVE = YES;
				CLANG_WARN_UNGUARDED_AVAILABILITY = YES_AGGRESSIVE;
				CLANG_WARN_UNREACHABLE_CODE = YES;
				CLANG_WARN__DUPLICATE_METHOD_MATCH = YES;
				COPY_PHASE_STRIP = NO;
				DEBUG_INFORMATION_FORMAT = "dwarf-with-dsym";
				ENABLE_NS_ASSERTIONS = NO;
				ENABLE_STRICT_OBJC_MSGSEND = YES;
				GCC_C_LANGUAGE_STANDARD = gnu11;
				GCC_NO_COMMON_BLOCKS = YES;
				GCC_WARN_64_TO_32_BIT_CONVERSION = YES;
				GCC_WARN_ABOUT_RETURN_TYPE = YES_ERROR;
				GCC_WARN_UNDECLARED_SELECTOR = YES;
				GCC_WARN_UNINITIALIZED_AUTOS = YES_AGGRESSIVE;
				GCC_WARN_UNUSED_FUNCTION = YES;
				GCC_WARN_UNUSED_VARIABLE = YES;
				MACOSX_DEPLOYMENT_TARGET = 10.15;
				MTL_ENABLE_DEBUG_INFO = NO;
				MTL_FAST_MATH = YES;
				SDKROOT = macosx;
				SWIFT_COMPILATION_MODE = wholemodule;
				SWIFT_OPTIMIZATION_LEVEL = "-O";
			};
			name = Release;
		};
		A511222D23CDB0620063FB32 /* Debug */ = {
			isa = XCBuildConfiguration;
			buildSettings = {
				ASSETCATALOG_COMPILER_APPICON_NAME = AppIcon;
				CODE_SIGN_ENTITLEMENTS = Athenaeum/System/Athenaeum.entitlements;
				CODE_SIGN_IDENTITY = "Apple Development";
				CODE_SIGN_STYLE = Automatic;
				COMBINE_HIDPI_IMAGES = YES;
				DEVELOPMENT_ASSET_PATHS = "\"Athenaeum/Preview Content\"";
				DEVELOPMENT_TEAM = 57GAEYX88Q;
				ENABLE_HARDENED_RUNTIME = YES;
				ENABLE_PREVIEWS = YES;
				INFOPLIST_FILE = Athenaeum/System/Info.plist;
				LD_RUNPATH_SEARCH_PATHS = (
					"$(inherited)",
					"@executable_path/../Frameworks",
				);
				MACOSX_DEPLOYMENT_TARGET = 10.15;
				PRODUCT_BUNDLE_IDENTIFIER = com.umbra.Athenaeum;
				PRODUCT_NAME = "$(TARGET_NAME)";
				SWIFT_VERSION = 5.0;
			};
			name = Debug;
		};
		A511222E23CDB0620063FB32 /* Release */ = {
			isa = XCBuildConfiguration;
			buildSettings = {
				ASSETCATALOG_COMPILER_APPICON_NAME = AppIcon;
				CODE_SIGN_ENTITLEMENTS = Athenaeum/System/Athenaeum.entitlements;
				CODE_SIGN_IDENTITY = "Apple Development";
				CODE_SIGN_STYLE = Automatic;
				COMBINE_HIDPI_IMAGES = YES;
				DEVELOPMENT_ASSET_PATHS = "\"Athenaeum/Preview Content\"";
				DEVELOPMENT_TEAM = 57GAEYX88Q;
				ENABLE_HARDENED_RUNTIME = YES;
				ENABLE_PREVIEWS = YES;
				INFOPLIST_FILE = Athenaeum/System/Info.plist;
				LD_RUNPATH_SEARCH_PATHS = (
					"$(inherited)",
					"@executable_path/../Frameworks",
				);
				MACOSX_DEPLOYMENT_TARGET = 10.15;
				PRODUCT_BUNDLE_IDENTIFIER = com.umbra.Athenaeum;
				PRODUCT_NAME = "$(TARGET_NAME)";
				SWIFT_VERSION = 5.0;
			};
			name = Release;
		};
		A511223023CDB0620063FB32 /* Debug */ = {
			isa = XCBuildConfiguration;
			buildSettings = {
				ALWAYS_EMBED_SWIFT_STANDARD_LIBRARIES = YES;
				BUNDLE_LOADER = "$(TEST_HOST)";
				CODE_SIGN_STYLE = Automatic;
				COMBINE_HIDPI_IMAGES = YES;
				DEVELOPMENT_TEAM = 57GAEYX88Q;
				INFOPLIST_FILE = AthenaeumTests/Info.plist;
				LD_RUNPATH_SEARCH_PATHS = (
					"$(inherited)",
					"@executable_path/../Frameworks",
					"@loader_path/../Frameworks",
				);
				MACOSX_DEPLOYMENT_TARGET = 10.15;
				PRODUCT_BUNDLE_IDENTIFIER = com.umbra.AthenaeumTests;
				PRODUCT_NAME = "$(TARGET_NAME)";
				SWIFT_VERSION = 5.0;
				TEST_HOST = "$(BUILT_PRODUCTS_DIR)/Athenaeum.app/Contents/MacOS/Athenaeum";
			};
			name = Debug;
		};
		A511223123CDB0620063FB32 /* Release */ = {
			isa = XCBuildConfiguration;
			buildSettings = {
				ALWAYS_EMBED_SWIFT_STANDARD_LIBRARIES = YES;
				BUNDLE_LOADER = "$(TEST_HOST)";
				CODE_SIGN_STYLE = Automatic;
				COMBINE_HIDPI_IMAGES = YES;
				DEVELOPMENT_TEAM = 57GAEYX88Q;
				INFOPLIST_FILE = AthenaeumTests/Info.plist;
				LD_RUNPATH_SEARCH_PATHS = (
					"$(inherited)",
					"@executable_path/../Frameworks",
					"@loader_path/../Frameworks",
				);
				MACOSX_DEPLOYMENT_TARGET = 10.15;
				PRODUCT_BUNDLE_IDENTIFIER = com.umbra.AthenaeumTests;
				PRODUCT_NAME = "$(TARGET_NAME)";
				SWIFT_VERSION = 5.0;
				TEST_HOST = "$(BUILT_PRODUCTS_DIR)/Athenaeum.app/Contents/MacOS/Athenaeum";
			};
			name = Release;
		};
		A511223323CDB0620063FB32 /* Debug */ = {
			isa = XCBuildConfiguration;
			buildSettings = {
				ALWAYS_EMBED_SWIFT_STANDARD_LIBRARIES = YES;
				CODE_SIGN_STYLE = Automatic;
				COMBINE_HIDPI_IMAGES = YES;
				DEVELOPMENT_TEAM = 57GAEYX88Q;
				INFOPLIST_FILE = AthenaeumUITests/Info.plist;
				LD_RUNPATH_SEARCH_PATHS = (
					"$(inherited)",
					"@executable_path/../Frameworks",
					"@loader_path/../Frameworks",
				);
				PRODUCT_BUNDLE_IDENTIFIER = com.umbra.AthenaeumUITests;
				PRODUCT_NAME = "$(TARGET_NAME)";
				SWIFT_VERSION = 5.0;
				TEST_TARGET_NAME = Athenaeum;
			};
			name = Debug;
		};
		A511223423CDB0620063FB32 /* Release */ = {
			isa = XCBuildConfiguration;
			buildSettings = {
				ALWAYS_EMBED_SWIFT_STANDARD_LIBRARIES = YES;
				CODE_SIGN_STYLE = Automatic;
				COMBINE_HIDPI_IMAGES = YES;
				DEVELOPMENT_TEAM = 57GAEYX88Q;
				INFOPLIST_FILE = AthenaeumUITests/Info.plist;
				LD_RUNPATH_SEARCH_PATHS = (
					"$(inherited)",
					"@executable_path/../Frameworks",
					"@loader_path/../Frameworks",
				);
				PRODUCT_BUNDLE_IDENTIFIER = com.umbra.AthenaeumUITests;
				PRODUCT_NAME = "$(TARGET_NAME)";
				SWIFT_VERSION = 5.0;
				TEST_TARGET_NAME = Athenaeum;
			};
			name = Release;
		};
/* End XCBuildConfiguration section */

/* Begin XCConfigurationList section */
		A51121FB23CDB05E0063FB32 /* Build configuration list for PBXProject "Athenaeum" */ = {
			isa = XCConfigurationList;
			buildConfigurations = (
				A511222A23CDB0620063FB32 /* Debug */,
				A511222B23CDB0620063FB32 /* Release */,
			);
			defaultConfigurationIsVisible = 0;
			defaultConfigurationName = Release;
		};
		A511222C23CDB0620063FB32 /* Build configuration list for PBXNativeTarget "Athenaeum" */ = {
			isa = XCConfigurationList;
			buildConfigurations = (
				A511222D23CDB0620063FB32 /* Debug */,
				A511222E23CDB0620063FB32 /* Release */,
			);
			defaultConfigurationIsVisible = 0;
			defaultConfigurationName = Release;
		};
		A511222F23CDB0620063FB32 /* Build configuration list for PBXNativeTarget "AthenaeumTests" */ = {
			isa = XCConfigurationList;
			buildConfigurations = (
				A511223023CDB0620063FB32 /* Debug */,
				A511223123CDB0620063FB32 /* Release */,
			);
			defaultConfigurationIsVisible = 0;
			defaultConfigurationName = Release;
		};
		A511223223CDB0620063FB32 /* Build configuration list for PBXNativeTarget "AthenaeumUITests" */ = {
			isa = XCConfigurationList;
			buildConfigurations = (
				A511223323CDB0620063FB32 /* Debug */,
				A511223423CDB0620063FB32 /* Release */,
			);
			defaultConfigurationIsVisible = 0;
			defaultConfigurationName = Release;
		};
/* End XCConfigurationList section */

/* Begin XCRemoteSwiftPackageReference section */
		A5193DC323F99D4A00EFF01D /* XCRemoteSwiftPackageReference "realm-cocoa" */ = {
			isa = XCRemoteSwiftPackageReference;
			repositoryURL = "https://github.com/realm/realm-cocoa.git";
			requirement = {
				kind = upToNextMajorVersion;
				minimumVersion = 4.3.2;
			};
		};
		A5193DC623FA995E00EFF01D /* XCRemoteSwiftPackageReference "GoodReadsKit" */ = {
			isa = XCRemoteSwiftPackageReference;
			repositoryURL = "https://github.com/CallumKerrEdwards/GoodReadsKit";
			requirement = {
				kind = upToNextMajorVersion;
				minimumVersion = 0.0.2;
			};
		};
		A5193DC923FAA16E00EFF01D /* XCRemoteSwiftPackageReference "SwiftyBeaver" */ = {
			isa = XCRemoteSwiftPackageReference;
			repositoryURL = "https://github.com/SwiftyBeaver/SwiftyBeaver.git";
			requirement = {
				kind = upToNextMajorVersion;
				minimumVersion = 1.8.4;
			};
		};
		A5429E3923EDC50900B1DF81 /* XCRemoteSwiftPackageReference "Preferences" */ = {
			isa = XCRemoteSwiftPackageReference;
			repositoryURL = "https://github.com/sindresorhus/Preferences";
			requirement = {
				kind = upToNextMajorVersion;
				minimumVersion = 1.0.1;
			};
		};
		A5BDF5E123FD602700DB6170 /* XCRemoteSwiftPackageReference "Resolver" */ = {
			isa = XCRemoteSwiftPackageReference;
			repositoryURL = "https://github.com/hmlongco/Resolver";
			requirement = {
				kind = upToNextMajorVersion;
				minimumVersion = 1.1.2;
			};
		};
/* End XCRemoteSwiftPackageReference section */

/* Begin XCSwiftPackageProductDependency section */
		A5193DC423F99D4A00EFF01D /* RealmSwift */ = {
			isa = XCSwiftPackageProductDependency;
			package = A5193DC323F99D4A00EFF01D /* XCRemoteSwiftPackageReference "realm-cocoa" */;
			productName = RealmSwift;
		};
		A5193DC723FA995E00EFF01D /* GoodReadsKit */ = {
			isa = XCSwiftPackageProductDependency;
			package = A5193DC623FA995E00EFF01D /* XCRemoteSwiftPackageReference "GoodReadsKit" */;
			productName = GoodReadsKit;
		};
		A5193DCA23FAA16E00EFF01D /* SwiftyBeaver */ = {
			isa = XCSwiftPackageProductDependency;
			package = A5193DC923FAA16E00EFF01D /* XCRemoteSwiftPackageReference "SwiftyBeaver" */;
			productName = SwiftyBeaver;
		};
		A5429E3A23EDC50900B1DF81 /* Preferences */ = {
			isa = XCSwiftPackageProductDependency;
			package = A5429E3923EDC50900B1DF81 /* XCRemoteSwiftPackageReference "Preferences" */;
			productName = Preferences;
		};
		A5BDF5E223FD602700DB6170 /* Resolver */ = {
			isa = XCSwiftPackageProductDependency;
			package = A5BDF5E123FD602700DB6170 /* XCRemoteSwiftPackageReference "Resolver" */;
			productName = Resolver;
		};
/* End XCSwiftPackageProductDependency section */

/* Begin XCVersionGroup section */
		A511220723CDB05E0063FB32 /* Athenaeum.xcdatamodeld */ = {
			isa = XCVersionGroup;
			children = (
				A511220823CDB05E0063FB32 /* Athenaeum.xcdatamodel */,
			);
			currentVersion = A511220823CDB05E0063FB32 /* Athenaeum.xcdatamodel */;
			path = Athenaeum.xcdatamodeld;
			sourceTree = "<group>";
			versionGroupType = wrapper.xcdatamodel;
		};
/* End XCVersionGroup section */
	};
	rootObject = A51121F823CDB05E0063FB32 /* Project object */;
}
