# @generated - this file is auto-generated by `mise lock` https://mise.jdx.dev/dev-tools/mise-lock.html

lockfile_version = 3

[[tools.aube]]
version = "2.5.1"
backend = "packslip:github.com/aubepkg/aube"
specifiers = ["v2.5.1"]

[tools.aube."platforms.linux-arm64"]
checksum = "sha256:f9d03a3b49be9a51275917fe63676330c59d90d77bebe6fc17ec322a3571b7c0"
url = "https://github.com/aubepkg/aube/releases/download/v2.5.1/aube-v2.5.1-aarch64-unknown-linux-gnu.tar.gz"
signer = "sigstore-oidc:https://github.com/aubepkg/aube/.github/workflows/release-plz.yml"
repository_ids = { repository = "1214542327" }

[tools.aube."platforms.linux-arm64-musl"]
checksum = "sha256:343febcb1c4117d485b235a6efa2c3d090115661b1ccdf3cc7adbb0127a4b65a"
url = "https://github.com/aubepkg/aube/releases/download/v2.5.1/aube-v2.5.1-aarch64-unknown-linux-musl.tar.gz"
signer = "sigstore-oidc:https://github.com/aubepkg/aube/.github/workflows/release-plz.yml"
repository_ids = { repository = "1214542327" }

[tools.aube."platforms.linux-x64"]
checksum = "sha256:16801e5a48272f3aa62533e626f18688ea97d8ee090fb5faac2e04900d374566"
url = "https://github.com/aubepkg/aube/releases/download/v2.5.1/aube-v2.5.1-x86_64-unknown-linux-gnu.tar.gz"
signer = "sigstore-oidc:https://github.com/aubepkg/aube/.github/workflows/release-plz.yml"
repository_ids = { repository = "1214542327" }

[tools.aube."platforms.linux-x64-musl"]
checksum = "sha256:27c5b0f41dc11b5a8108983ca968cdd36fc3809a14ec841444587d73854d65ce"
url = "https://github.com/aubepkg/aube/releases/download/v2.5.1/aube-v2.5.1-x86_64-unknown-linux-musl.tar.gz"
signer = "sigstore-oidc:https://github.com/aubepkg/aube/.github/workflows/release-plz.yml"
repository_ids = { repository = "1214542327" }

[tools.aube."platforms.macos-arm64"]
checksum = "sha256:68ccd6badf7c6c891467680dfdd5545ba44c64dacd98b508dcd5de3a611a49aa"
url = "https://github.com/aubepkg/aube/releases/download/v2.5.1/aube-v2.5.1-aarch64-apple-darwin.tar.gz"
signer = "sigstore-oidc:https://github.com/aubepkg/aube/.github/workflows/release-plz.yml"
repository_ids = { repository = "1214542327" }

[tools.aube."platforms.windows-x64"]
checksum = "sha256:aa5ee899ab63ad192de7cd3790fbfb4dd8debfb104f7e57972504b980c05e589"
url = "https://github.com/aubepkg/aube/releases/download/v2.5.1/aube-v2.5.1-x86_64-pc-windows-msvc.zip"
signer = "sigstore-oidc:https://github.com/aubepkg/aube/.github/workflows/release-plz.yml"
repository_ids = { repository = "1214542327" }

[[tools."github:golangci/golangci-lint"]]
version = "2.14.0"
backend = "github:golangci/golangci-lint"
specifiers = ["v2.14.0"]

[tools."github:golangci/golangci-lint"."platforms.linux-arm64"]
checksum = "sha256:ee7ec5f3453d15ddf106fae5a4d6c71737712348a979d1fe9cd52ec7ea299bae"
url = "https://github.com/golangci/golangci-lint/releases/download/v2.14.0/golangci-lint-2.14.0-linux-arm64.tar.gz"
url_api = "https://api.github.com/repos/golangci/golangci-lint/releases/assets/585813674"
provenance = "github-attestations"

[tools."github:golangci/golangci-lint"."platforms.linux-arm64-musl"]
checksum = "sha256:ee7ec5f3453d15ddf106fae5a4d6c71737712348a979d1fe9cd52ec7ea299bae"
url = "https://github.com/golangci/golangci-lint/releases/download/v2.14.0/golangci-lint-2.14.0-linux-arm64.tar.gz"
url_api = "https://api.github.com/repos/golangci/golangci-lint/releases/assets/585813674"
provenance = "github-attestations"

[tools."github:golangci/golangci-lint"."platforms.linux-x64"]
checksum = "sha256:ab90aeb7b066f92a33415b638a50fe5344bbb75a0d32ad30cc248d88f81032ab"
url = "https://github.com/golangci/golangci-lint/releases/download/v2.14.0/golangci-lint-2.14.0-linux-amd64.tar.gz"
url_api = "https://api.github.com/repos/golangci/golangci-lint/releases/assets/585813815"
provenance = "github-attestations"

[tools."github:golangci/golangci-lint"."platforms.linux-x64-musl"]
checksum = "sha256:ab90aeb7b066f92a33415b638a50fe5344bbb75a0d32ad30cc248d88f81032ab"
url = "https://github.com/golangci/golangci-lint/releases/download/v2.14.0/golangci-lint-2.14.0-linux-amd64.tar.gz"
url_api = "https://api.github.com/repos/golangci/golangci-lint/releases/assets/585813815"
provenance = "github-attestations"

[tools."github:golangci/golangci-lint"."platforms.macos-arm64"]
checksum = "sha256:5ef5f36a7147e91dc58ef9ef4d11bb7bad5ead0c76eb6c01327a73c641d1dcc3"
url = "https://github.com/golangci/golangci-lint/releases/download/v2.14.0/golangci-lint-2.14.0-darwin-arm64.tar.gz"
url_api = "https://api.github.com/repos/golangci/golangci-lint/releases/assets/585813591"
provenance = "github-attestations"

[tools."github:golangci/golangci-lint"."platforms.macos-x64"]
checksum = "sha256:a5667c1c3536be1740133213e1e822bfb8f0d98ea12903174d6d5f635e4ed68d"
url = "https://github.com/golangci/golangci-lint/releases/download/v2.14.0/golangci-lint-2.14.0-darwin-amd64.tar.gz"
url_api = "https://api.github.com/repos/golangci/golangci-lint/releases/assets/585813755"
provenance = "github-attestations"

[tools."github:golangci/golangci-lint"."platforms.windows-x64"]
checksum = "sha256:b15f903d1649283a2ab6e8d2f0c317eaf1f9f6b3763950e7e8b7e72a43dd724f"
url = "https://github.com/golangci/golangci-lint/releases/download/v2.14.0/golangci-lint-2.14.0-windows-amd64.zip"
url_api = "https://api.github.com/repos/golangci/golangci-lint/releases/assets/585813793"
provenance = "github-attestations"

[[tools.go]]
version = "1.27.1"
backend = "core:go"
specifiers = ["1.27.1"]

[tools.go."platforms.linux-arm64"]
checksum = "sha256:3450b45a3f9ee8568792736a5c5e70a1f2e9b36c35a8f74958c03e51d7d92bec"
url = "https://dl.google.com/go/go1.27.1.linux-arm64.tar.gz"

[tools.go."platforms.linux-arm64-musl"]
checksum = "sha256:3450b45a3f9ee8568792736a5c5e70a1f2e9b36c35a8f74958c03e51d7d92bec"
url = "https://dl.google.com/go/go1.27.1.linux-arm64.tar.gz"

[tools.go."platforms.linux-x64"]
checksum = "sha256:63d339f0da5ab53635a56f2490a7984dfe12dfcff22ad749f63edaf590168445"
url = "https://dl.google.com/go/go1.27.1.linux-amd64.tar.gz"

[tools.go."platforms.linux-x64-musl"]
checksum = "sha256:63d339f0da5ab53635a56f2490a7984dfe12dfcff22ad749f63edaf590168445"
url = "https://dl.google.com/go/go1.27.1.linux-amd64.tar.gz"

[tools.go."platforms.macos-arm64"]
checksum = "sha256:ee215d57e0ec269c60cc9ceca68e6bda321ba9ee5afe24f4b0988703c2d87d12"
url = "https://dl.google.com/go/go1.27.1.darwin-arm64.tar.gz"

[tools.go."platforms.macos-x64"]
checksum = "sha256:8f8f52c6649542cf027bbc9b9c68d1ec042f9f34808a40413f0b8b3f66f3caa4"
url = "https://dl.google.com/go/go1.27.1.darwin-amd64.tar.gz"

[tools.go."platforms.windows-x64"]
checksum = "sha256:a3911b5e0e1b1053f25ed0675f4c1c6aad1e2bfcf253df2b9be4caabd2edd95d"
url = "https://dl.google.com/go/go1.27.1.windows-amd64.zip"

[[tools.hk]]
version = "2.4.0"
backend = "packslip:github.com/jdx/hk"
specifiers = ["2.4.0"]

[tools.hk."platforms.linux-arm64"]
checksum = "sha256:836235bd8aa06f25e7ff28591b32efb5297abe55366e912095636a49ffe4d363"
url = "https://github.com/jdx/hk/releases/download/v2.4.0/hk-aarch64-unknown-linux-gnu.tar.gz"
signer = "sigstore-oidc:https://github.com/jdx/hk/.github/workflows/release.yml"
repository_ids = { repository = "922514152", owner = "216188" }

[tools.hk."platforms.linux-arm64-musl"]
checksum = "sha256:ad5c5a556e0a505d9a3441868217976bd4ae610e1364e93516993b9717d9ef28"
url = "https://github.com/jdx/hk/releases/download/v2.4.0/hk-aarch64-unknown-linux-musl.tar.gz"
signer = "sigstore-oidc:https://github.com/jdx/hk/.github/workflows/release.yml"
repository_ids = { repository = "922514152", owner = "216188" }

[tools.hk."platforms.linux-x64"]
checksum = "sha256:6efabe30aeabc4611a42ce6cf0fd46b9a19478e2cfd9acfd1bd93998736f3153"
url = "https://github.com/jdx/hk/releases/download/v2.4.0/hk-x86_64-unknown-linux-gnu.tar.gz"
signer = "sigstore-oidc:https://github.com/jdx/hk/.github/workflows/release.yml"
repository_ids = { repository = "922514152", owner = "216188" }

[tools.hk."platforms.linux-x64-musl"]
checksum = "sha256:f34598671ca40be5c308324a60ef30b736dbbbf4259dfb511abd79009ee4de2a"
url = "https://github.com/jdx/hk/releases/download/v2.4.0/hk-x86_64-unknown-linux-musl.tar.gz"
signer = "sigstore-oidc:https://github.com/jdx/hk/.github/workflows/release.yml"
repository_ids = { repository = "922514152", owner = "216188" }

[tools.hk."platforms.macos-arm64"]
checksum = "sha256:6e1c970b9de7ab4ee52c85869b2ea9cfe8769d25a0fe9536062e0ba62366ec59"
url = "https://github.com/jdx/hk/releases/download/v2.4.0/hk-aarch64-apple-darwin.tar.gz"
signer = "sigstore-oidc:https://github.com/jdx/hk/.github/workflows/release.yml"
repository_ids = { repository = "922514152", owner = "216188" }

[tools.hk."platforms.windows-x64"]
checksum = "sha256:028931e00fd670ad891a428bf44e14ac8e2726a8f72b7fae80b27b6502af2be3"
url = "https://github.com/jdx/hk/releases/download/v2.4.0/hk-x86_64-pc-windows-msvc.zip"
signer = "sigstore-oidc:https://github.com/jdx/hk/.github/workflows/release.yml"
repository_ids = { repository = "922514152", owner = "216188" }

[[tools.oxfmt]]
version = "0.71.0"
aube = { path = "mise/locks/oxfmt/0.71.0", digest = "sha256:2b7bfb8c20b448ab9b5549e2e0a43049a897d50d995103408bbba2b0add2bcf0" }
backend = "npm:oxfmt"
specifiers = ["0.71.0"]

[[tools.rumdl]]
version = "0.2.77"
backend = "aqua:rvben/rumdl"
specifiers = ["0.2.77"]

[tools.rumdl."platforms.linux-arm64"]
checksum = "sha256:04569b09b8e7eb31f6a410b0a17e448f220906c5e8e13e8301319c3540fd4d29"
url = "https://github.com/rvben/rumdl/releases/download/v0.2.77/rumdl-v0.2.77-aarch64-unknown-linux-gnu.tar.gz"
url_api = "https://api.github.com/repos/rvben/rumdl/releases/assets/583859182"
provenance = "github-attestations"

[tools.rumdl."platforms.linux-arm64-musl"]
checksum = "sha256:cd7e0cd23697c4c0e915fb65b3566f71b4a2a0e90a392b193c418971e9ed399f"
url = "https://github.com/rvben/rumdl/releases/download/v0.2.77/rumdl-v0.2.77-aarch64-unknown-linux-musl.tar.gz"
url_api = "https://api.github.com/repos/rvben/rumdl/releases/assets/583859181"
provenance = "github-attestations"

[tools.rumdl."platforms.linux-x64"]
checksum = "sha256:cbe5cea929fbb58b64bb428a464b069f3fe12645545adedc8932e738c8bbe862"
url = "https://github.com/rvben/rumdl/releases/download/v0.2.77/rumdl-v0.2.77-x86_64-unknown-linux-gnu.tar.gz"
url_api = "https://api.github.com/repos/rvben/rumdl/releases/assets/583859172"
provenance = "github-attestations"

[tools.rumdl."platforms.linux-x64-musl"]
checksum = "sha256:0a516c0590dfd2f3cb0abfc42580464c7fadb9e631cbdffbcc5c2546ae885ad0"
url = "https://github.com/rvben/rumdl/releases/download/v0.2.77/rumdl-v0.2.77-x86_64-unknown-linux-musl.tar.gz"
url_api = "https://api.github.com/repos/rvben/rumdl/releases/assets/583859184"
provenance = "github-attestations"

[tools.rumdl."platforms.macos-arm64"]
checksum = "sha256:52744729012b44514b3b4de1431839035d7018464899c5b09627204eebfb73bb"
url = "https://github.com/rvben/rumdl/releases/download/v0.2.77/rumdl-v0.2.77-aarch64-apple-darwin.tar.gz"
url_api = "https://api.github.com/repos/rvben/rumdl/releases/assets/583859185"
provenance = "github-attestations"

[tools.rumdl."platforms.macos-x64"]
checksum = "sha256:0951dbddfa6a28274d202581f136884474fc7225349519f7ad0eb6038c4dc8ab"
url = "https://github.com/rvben/rumdl/releases/download/v0.2.77/rumdl-v0.2.77-x86_64-apple-darwin.tar.gz"
url_api = "https://api.github.com/repos/rvben/rumdl/releases/assets/583859176"
provenance = "github-attestations"

[tools.rumdl."platforms.windows-x64"]
checksum = "sha256:8b4d0f45e67c5b17aecfe992335d285019095d3f2994befc9ea44ee4cde981c2"
url = "https://github.com/rvben/rumdl/releases/download/v0.2.77/rumdl-v0.2.77-x86_64-pc-windows-msvc.zip"
url_api = "https://api.github.com/repos/rvben/rumdl/releases/assets/583859183"
provenance = "github-attestations"

[[tools.typos]]
version = "1.50.3"
backend = "aqua:crate-ci/typos"
specifiers = ["1.50.3"]

[tools.typos."platforms.linux-arm64"]
checksum = "sha256:456f9fe7aa6e7c1597879f5e951d7de2fab261a9ca05f16f324f896c806c55db"
url = "https://github.com/crate-ci/typos/releases/download/v1.50.3/typos-v1.50.3-aarch64-unknown-linux-musl.tar.gz"
url_api = "https://api.github.com/repos/crate-ci/typos/releases/assets/588999780"

[tools.typos."platforms.linux-arm64-musl"]
checksum = "sha256:456f9fe7aa6e7c1597879f5e951d7de2fab261a9ca05f16f324f896c806c55db"
url = "https://github.com/crate-ci/typos/releases/download/v1.50.3/typos-v1.50.3-aarch64-unknown-linux-musl.tar.gz"
url_api = "https://api.github.com/repos/crate-ci/typos/releases/assets/588999780"

[tools.typos."platforms.linux-x64"]
checksum = "sha256:aca6b5d546307092b8d0a8e0a89dd80f9da51f2f7617c5e45c5607c1684ffbf2"
url = "https://github.com/crate-ci/typos/releases/download/v1.50.3/typos-v1.50.3-x86_64-unknown-linux-musl.tar.gz"
url_api = "https://api.github.com/repos/crate-ci/typos/releases/assets/589000924"

[tools.typos."platforms.linux-x64-musl"]
checksum = "sha256:aca6b5d546307092b8d0a8e0a89dd80f9da51f2f7617c5e45c5607c1684ffbf2"
url = "https://github.com/crate-ci/typos/releases/download/v1.50.3/typos-v1.50.3-x86_64-unknown-linux-musl.tar.gz"
url_api = "https://api.github.com/repos/crate-ci/typos/releases/assets/589000924"

[tools.typos."platforms.macos-arm64"]
checksum = "sha256:844d4121fb47a95604aa5566843bb9e3d6078040b3c8f22367709f563038f2c5"
url = "https://github.com/crate-ci/typos/releases/download/v1.50.3/typos-v1.50.3-aarch64-apple-darwin.tar.gz"
url_api = "https://api.github.com/repos/crate-ci/typos/releases/assets/589002568"

[tools.typos."platforms.macos-x64"]
checksum = "sha256:7cc75e42fff1e3b66928de325b3ea1ec7e23ce35ffaa3561fdb0ede8e7275f6f"
url = "https://github.com/crate-ci/typos/releases/download/v1.50.3/typos-v1.50.3-x86_64-apple-darwin.tar.gz"
url_api = "https://api.github.com/repos/crate-ci/typos/releases/assets/589006772"

[tools.typos."platforms.windows-x64"]
checksum = "sha256:b59f149d84e86aab535d52db029fa8d3ac5ecba9ae5c7f19cf07acb5aa0caaaf"
url = "https://github.com/crate-ci/typos/releases/download/v1.50.3/typos-v1.50.3-x86_64-pc-windows-msvc.zip"
url_api = "https://api.github.com/repos/crate-ci/typos/releases/assets/589001623"
